// !$*UTF8*$!
{
	archiveVersion = 1;
	classes = {
	};
	objectVersion = 77;
	objects = {

/* Begin PBXBuildFile section */
		040A69FDDFE8D7A9BD775134 /* LimitlessCreditGPSApp.swift in Sources */ = {isa = PBXBuildFile; fileRef = C83304E690C38796B52CFDA0 /* LimitlessCreditGPSApp.swift */; };
		504BED6F216336C217CE2219 /* WebShellView.swift in Sources */ = {isa = PBXBuildFile; fileRef = 7D6F83E47AE76C1EB7F39602 /* WebShellView.swift */; };
		AA6FDF8BA074159D04564771 /* Assets.xcassets in Resources */ = {isa = PBXBuildFile; fileRef = 97E3D612F82F9D7D4CBEA0C3 /* Assets.xcassets */; };
		D34BF816FC359A51B5EAAB31 /* WebRoot in Resources */ = {isa = PBXBuildFile; fileRef = 3781F58EE648EA1690EDFD41 /* WebRoot */; };
/* End PBXBuildFile section */

/* Begin PBXFileReference section */
		3781F58EE648EA1690EDFD41 /* WebRoot */ = {isa = PBXFileReference; lastKnownFileType = folder; path = WebRoot; sourceTree = SOURCE_ROOT; };
		7D6F83E47AE76C1EB7F39602 /* WebShellView.swift */ = {isa = PBXFileReference; lastKnownFileType = sourcecode.swift; path = WebShellView.swift; sourceTree = "<group>"; };
		9046C809E363CA8425DF3954 /* LimitlessCreditGPS.app */ = {isa = PBXFileReference; includeInIndex = 0; lastKnownFileType = wrapper.application; path = LimitlessCreditGPS.app; sourceTree = BUILT_PRODUCTS_DIR; };
		97E3D612F82F9D7D4CBEA0C3 /* Assets.xcassets */ = {isa = PBXFileReference; lastKnownFileType = folder.assetcatalog; path = Assets.xcassets; sourceTree = "<group>"; };
		C82D0FE72E6880CF4A487FC3 /* Info.plist */ = {isa = PBXFileReference; lastKnownFileType = text.plist; path = Info.plist; sourceTree = "<group>"; };
		C83304E690C38796B52CFDA0 /* LimitlessCreditGPSApp.swift */ = {isa = PBXFileReference; lastKnownFileType = sourcecode.swift; path = LimitlessCreditGPSApp.swift; sourceTree = "<group>"; };
/* End PBXFileReference section */

/* Begin PBXGroup section */
		7F9B6ED7DFCCD005638AAB1B = {
			isa = PBXGroup;
			children = (
				3781F58EE648EA1690EDFD41 /* WebRoot */,
				87040DC5FB206B2713B6709D /* LimitlessCreditGPS */,
				DCCC6368CEB3136F98F1F8AC /* Products */,
			);
			sourceTree = "<group>";
		};
		87040DC5FB206B2713B6709D /* LimitlessCreditGPS */ = {
			isa = PBXGroup;
			children = (
				97E3D612F82F9D7D4CBEA0C3 /* Assets.xcassets */,
				C82D0FE72E6880CF4A487FC3 /* Info.plist */,
				C83304E690C38796B52CFDA0 /* LimitlessCreditGPSApp.swift */,
				7D6F83E47AE76C1EB7F39602 /* WebShellView.swift */,
			);
			path = LimitlessCreditGPS;
			sourceTree = "<group>";
		};
		DCCC6368CEB3136F98F1F8AC /* Products */ = {
			isa = PBXGroup;
			children = (
				9046C809E363CA8425DF3954 /* LimitlessCreditGPS.app */,
			);
			name = Products;
			sourceTree = "<group>";
		};
/* End PBXGroup section */

/* Begin PBXNativeTarget section */
		85883371E05B79BDE667AB0A /* LimitlessCreditGPS */ = {
			isa = PBXNativeTarget;
			buildConfigurationList = AFC93438C467C0C7E36293C3 /* Build configuration list for PBXNativeTarget "LimitlessCreditGPS" */;
			buildPhases = (
				BD8DF47883ECC0239B042E81 /* Sources */,
				8489DAEA7B585A387103AFC0 /* Resources */,
			);
			buildRules = (
			);
			dependencies = (
			);
			name = LimitlessCreditGPS;
			packageProductDependencies = (
			);
			productName = LimitlessCreditGPS;
			productReference = 9046C809E363CA8425DF3954 /* LimitlessCreditGPS.app */;
			productType = "com.apple.product-type.application";
		};
/* End PBXNativeTarget section */

/* Begin PBXProject section */
		84B9F664756B64FD4598EA7B /* Project object */ = {
			isa = PBXProject;
			attributes = {
				BuildIndependentTargetsInParallel = YES;
				LastUpgradeCheck = 1430;
				TargetAttributes = {
					85883371E05B79BDE667AB0A = {
						DevelopmentTeam = WN3K69XEP4;
						ProvisioningStyle = Automatic;
					};
				};
			};
			buildConfigurationList = 752F73B3503244E58379C96C /* Build configuration list for PBXProject "LimitlessCreditGPS" */;
			developmentRegion = en;
			hasScannedForEncodings = 0;
			knownRegions = (
				Base,
				en,
			);
			mainGroup = 7F9B6ED7DFCCD005638AAB1B;
			minimizedProjectReferenceProxies = 1;
			preferredProjectObjectVersion = 77;
			productRefGroup = DCCC6368CEB3136F98F1F8AC /* Products */;
			projectDirPath = "";
			projectRoot = "";
			targets = (
				85883371E05B79BDE667AB0A /* LimitlessCreditGPS */,
			);
		};
/* End PBXProject section */

/* Begin PBXResourcesBuildPhase section */
		8489DAEA7B585A387103AFC0 /* Resources */ = {
			isa = PBXResourcesBuildPhase;
			buildActionMask = 2147483647;
			files = (
				AA6FDF8BA074159D04564771 /* Assets.xcassets in Resources */,
				D34BF816FC359A51B5EAAB31 /* WebRoot in Resources */,
			);
			runOnlyForDeploymentPostprocessing = 0;
		};
/* End PBXResourcesBuildPhase section */

/* Begin PBXSourcesBuildPhase section */
		BD8DF47883ECC0239B042E81 /* Sources */ = {
			isa = PBXSourcesBuildPhase;
			buildActionMask = 2147483647;
			files = (
				040A69FDDFE8D7A9BD775134 /* LimitlessCreditGPSApp.swift in Sources */,
				504BED6F216336C217CE2219 /* WebShellView.swift in Sources */,
			);
			runOnlyForDeploymentPostprocessing = 0;
		};
/* End PBXSourcesBuildPhase section */

/* Begin XCBuildConfiguration section */
		A3F3E544B917FF6DA3CB8CF7 /* Debug */ = {
			isa = XCBuildConfiguration;
			buildSettings = {
				ASSETCATALOG_COMPILER_APPICON_NAME = AppIcon;
				ASSETCATALOG_COMPILER_GLOBAL_ACCENT_COLOR_NAME = AccentColor;
				CODE_SIGN_IDENTITY = "iPhone Developer";
				CODE_SIGN_STYLE = Automatic;
				DEVELOPMENT_TEAM = WN3K69XEP4;
				INFOPLIST_FILE = LimitlessCreditGPS/Info.plist;
				LD_RUNPATH_SEARCH_PATHS = (
					"$(inherited)",
					"@executable_path/Frameworks",
				);
				PRODUCT_BUNDLE_IDENTIFIER = co.eb28.limitlesscreditgps;
				PRODUCT_NAME = LimitlessCreditGPS;
				SDKROOT = iphoneos;
				TARGETED_DEVICE_FAMILY = 1;
			};
			name = Debug;
		};
		CA18C2B2D7B458799B758C1D /* Release */ = {
			isa = XCBuildConfiguration;
			buildSettings = {
				ALWAYS_SEARCH_USER_PATHS = NO;
				CLANG_ANALYZER_NONNULL = YES;
				CLANG_ANALYZER_NUMBER_OBJECT_CONVERSION = YES_AGGRESSIVE;
				CLANG_CXX_LANGUAGE_STANDARD = "gnu++14";
				CLANG_CXX_LIBRARY = "libc++";
				CLANG_ENABLE_MODULES = YES;
				CLANG_ENABLE_OBJC_ARC = YES;
				CLANG_ENABLE_OBJC_WEAK = YES;
				CLANG_WARN_BLOCK_CAPTURE_AUTORELEASING = YES;
				CLANG_WARN_BOOL_CONVERSION = YES;
				CLANG_WARN_COMMA = YES;
				CLANG_WARN_CONSTANT_CONVERSION = YES;
				CLANG_WARN_DEPRECATED_OBJC_IMPLEMENTATIONS = YES;
				CLANG_WARN_DIRECT_OBJC_ISA_USAGE = YES_ERROR;
				CLANG_WARN_DOCUMENTATION_COMMENTS = YES;
				CLANG_WARN_EMPTY_BODY = YES;
				CLANG_WARN_ENUM_CONVERSION = YES;
				CLANG_WARN_INFINITE_RECURSION = YES;
				CLANG_WARN_INT_CONVERSION = YES;
				CLANG_WARN_NON_LITERAL_NULL_CONVERSION = YES;
				CLANG_WARN_OBJC_IMPLICIT_RETAIN_SELF = YES;
				CLANG_WARN_OBJC_LITERAL_CONVERSION = YES;
				CLANG_WARN_OBJC_ROOT_CLASS = YES_ERROR;
				CLANG_WARN_QUOTED_INCLUDE_IN_FRAMEWORK_HEADER = YES;
				CLANG_WARN_RANGE_LOOP_ANALYSIS = YES;
				CLANG_WARN_STRICT_PROTOTYPES = YES;
				CLANG_WARN_SUSPICIOUS_MOVE = YES;
				CLANG_WARN_UNGUARDED_AVAILABILITY = YES_AGGRESSIVE;
				CLANG_WARN_UNREACHABLE_CODE = YES;
				CLANG_WARN__DUPLICATE_METHOD_MATCH = YES;
				COPY_PHASE_STRIP = NO;
				CURRENT_PROJECT_VERSION = 2;
				DEBUG_INFORMATION_FORMAT = "dwarf-with-dsym";
				ENABLE_NS_ASSERTIONS = NO;
				ENABLE_STRICT_OBJC_MSGSEND = YES;
				GCC_C_LANGUAGE_STANDARD = gnu11;
				GCC_NO_COMMON_BLOCKS = YES;
				GCC_WARN_64_TO_32_BIT_CONVERSION = YES;
				GCC_WARN_ABOUT_RETURN_TYPE = YES_ERROR;
				GCC_WARN_UNDECLARED_SELECTOR = YES;
				GCC_WARN_UNINITIALIZED_AUTOS = YES_AGGRESSIVE;
				GCC_WARN_UNUSED_FUNCTION = YES;
				GCC_WARN_UNUSED_VARIABLE = YES;
				IPHONEOS_DEPLOYMENT_TARGET = 17.0;
				MARKETING_VERSION = 1.0.0;
				MTL_ENABLE_DEBUG_INFO = NO;
				MTL_FAST_MATH = YES;
				PRODUCT_NAME = "$(TARGET_NAME)";
				SDKROOT = iphoneos;
				SWIFT_COMPILATION_MODE = wholemodule;
				SWIFT_OPTIMIZATION_LEVEL = "-O";
				SWIFT_VERSION = 5.0;
			};
			name = Release;
		};
		CBC82467F91F8A7AD38917F8 /* Debug */ = {
			isa = XCBuildConfiguration;
			buildSettings = {
				ALWAYS_SEARCH_USER_PATHS = NO;
				CLANG_ANALYZER_NONNULL = YES;
				CLANG_ANALYZER_NUMBER_OBJECT_CONVERSION = YES_AGGRESSIVE;
				CLANG_CXX_LANGUAGE_STANDARD = "gnu++14";
				CLANG_CXX_LIBRARY = "libc++";
				CLANG_ENABLE_MODULES = YES;
				CLANG_ENABLE_OBJC_ARC = YES;
				CLANG_ENABLE_OBJC_WEAK = YES;
				CLANG_WARN_BLOCK_CAPTURE_AUTORELEASING = YES;
				CLANG_WARN_BOOL_CONVERSION = YES;
				CLANG_WARN_COMMA = YES;
				CLANG_WARN_CONSTANT_CONVERSION = YES;
				CLANG_WARN_DEPRECATED_OBJC_IMPLEMENTATIONS = YES;
				CLANG_WARN_DIRECT_OBJC_ISA_USAGE = YES_ERROR;
				CLANG_WARN_DOCUMENTATION_COMMENTS = YES;
				CLANG_WARN_EMPTY_BODY = YES;
				CLANG_WARN_ENUM_CONVERSION = YES;
				CLANG_WARN_INFINITE_RECURSION = YES;
				CLANG_WARN_INT_CONVERSION = YES;
				CLANG_WARN_NON_LITERAL_NULL_CONVERSION = YES;
				CLANG_WARN_OBJC_IMPLICIT_RETAIN_SELF = YES;
				CLANG_WARN_OBJC_LITERAL_CONVERSION = YES;
				CLANG_WARN_OBJC_ROOT_CLASS = YES_ERROR;
				CLANG_WARN_QUOTED_INCLUDE_IN_FRAMEWORK_HEADER = YES;
				CLANG_WARN_RANGE_LOOP_ANALYSIS = YES;
				CLANG_WARN_STRICT_PROTOTYPES = YES;
				CLANG_WARN_SUSPICIOUS_MOVE = YES;
				CLANG_WARN_UNGUARDED_AVAILABILITY = YES_AGGRESSIVE;
				CLANG_WARN_UNREACHABLE_CODE = YES;
				CLANG_WARN__DUPLICATE_METHOD_MATCH = YES;
				COPY_PHASE_STRIP = NO;
				CURRENT_PROJECT_VERSION = 2;
				DEBUG_INFORMATION_FORMAT = dwarf;
				ENABLE_STRICT_OBJC_MSGSEND = YES;
				ENABLE_TESTABILITY = YES;
				GCC_C_LANGUAGE_STANDARD = gnu11;
				GCC_DYNAMIC_NO_PIC = NO;
				GCC_NO_COMMON_BLOCKS = YES;
				GCC_OPTIMIZATION_LEVEL = 0;
				GCC_PREPROCESSOR_DEFINITIONS = (
					"$(inherited)",
					"DEBUG=1",
				);
				GCC_WARN_64_TO_32_BIT_CONVERSION = YES;
				GCC_WARN_ABOUT_RETURN_TYPE = YES_ERROR;
				GCC_WARN_UNDECLARED_SELECTOR = YES;
				GCC_WARN_UNINITIALIZED_AUTOS = YES_AGGRESSIVE;
				GCC_WARN_UNUSED_FUNCTION = YES;
				GCC_WARN_UNUSED_VARIABLE = YES;
				IPHONEOS_DEPLOYMENT_TARGET = 17.0;
				MARKETING_VERSION = 1.0.0;
				MTL_ENABLE_DEBUG_INFO = INCLUDE_SOURCE;
				MTL_FAST_MATH = YES;
				ONLY_ACTIVE_ARCH = YES;
				PRODUCT_NAME = "$(TARGET_NAME)";
				SDKROOT = iphoneos;
				SWIFT_ACTIVE_COMPILATION_CONDITIONS = DEBUG;
				SWIFT_OPTIMIZATION_LEVEL = "-Onone";
				SWIFT_VERSION = 5.0;
			};
			name = Debug;
		};
		DE2AE0088DC171E12126977D /* Release */ = {
			isa = XCBuildConfiguration;
			buildSettings = {
				ASSETCATALOG_COMPILER_APPICON_NAME = AppIcon;
				ASSETCATALOG_COMPILER_GLOBAL_ACCENT_COLOR_NAME = AccentColor;
				CODE_SIGN_IDENTITY = "iPhone Developer";
				CODE_SIGN_STYLE = Automatic;
				DEVELOPMENT_TEAM = WN3K69XEP4;
				INFOPLIST_FILE = LimitlessCreditGPS/Info.plist;
				LD_RUNPATH_SEARCH_PATHS = (
					"$(inherited)",
					"@executable_path/Frameworks",
				);
				PRODUCT_BUNDLE_IDENTIFIER = co.eb28.limitlesscreditgps;
				PRODUCT_NAME = LimitlessCreditGPS;
				SDKROOT = iphoneos;
				TARGETED_DEVICE_FAMILY = 1;
			};
			name = Release;
		};
/* End XCBuildConfiguration section */

/* Begin XCConfigurationList section */
		752F73B3503244E58379C96C /* Build configuration list for PBXProject "LimitlessCreditGPS" */ = {
			isa = XCConfigurationList;
			buildConfigurations = (
				CBC82467F91F8A7AD38917F8 /* Debug */,
				CA18C2B2D7B458799B758C1D /* Release */,
			);
			defaultConfigurationIsVisible = 0;
			defaultConfigurationName = Debug;
		};
		AFC93438C467C0C7E36293C3 /* Build configuration list for PBXNativeTarget "LimitlessCreditGPS" */ = {
			isa = XCConfigurationList;
			buildConfigurations = (
				A3F3E544B917FF6DA3CB8CF7 /* Debug */,
				DE2AE0088DC171E12126977D /* Release */,
			);
			defaultConfigurationIsVisible = 0;
			defaultConfigurationName = Debug;
		};
/* End XCConfigurationList section */
	};
	rootObject = 84B9F664756B64FD4598EA7B /* Project object */;
}
